
Microsoft Visual Studio Solution File, Format Version 11.00
# Visual Studio 2010
Project("{FAE04EC0-301F-11D3-BF4B-00C04F79EFBC}") = "Assembly-CSharp", "Assembly-CSharp.csproj", "{b42a2b5a-aac6-a21d-cdd4-219a61d68eb6}"
EndProject
Project("{FAE04EC0-301F-11D3-BF4B-00C04F79EFBC}") = "Assembly-CSharp-Editor", "Assembly-CSharp-Editor.csproj", "{bd6f3f32-26aa-fb35-110e-1c2eb0030dcd}"
EndProject
Global
	GlobalSection(SolutionConfigurationPlatforms) = preSolution
		Debug|Any CPU = Debug|Any CPU
	EndGlobalSection
	GlobalSection(ProjectConfigurationPlatforms) = postSolution
		{b42a2b5a-aac6-a21d-cdd4-219a61d68eb6}.Debug|Any CPU.ActiveCfg = Debug|Any CPU
		{b42a2b5a-aac6-a21d-cdd4-219a61d68eb6}.Debug|Any CPU.Build.0 = Debug|Any CPU
		{bd6f3f32-26aa-fb35-110e-1c2eb0030dcd}.Debug|Any CPU.ActiveCfg = Debug|Any CPU
		{bd6f3f32-26aa-fb35-110e-1c2eb0030dcd}.Debug|Any CPU.Build.0 = Debug|Any CPU
	EndGlobalSection
	GlobalSection(SolutionProperties) = preSolution
		HideSolutionNode = FALSE
	EndGlobalSection
EndGlobal
